// !$*UTF8*$!
{
	archiveVersion = 1;
	classes = {
	};
	objectVersion = 77;
	objects = {

/* Begin PBXBuildFile section */
		4D1800160000000000000018 /* MeetingSignal.framework in Frameworks */ = {isa = PBXBuildFile; fileRef = 4D1800070000000000000018 /* MeetingSignal.framework */; };
/* End PBXBuildFile section */

/* Begin PBXContainerItemProxy section */
		3AC63B272FE6093A00F49D5D /* PBXContainerItemProxy */ = {
			isa = PBXContainerItemProxy;
			containerPortal = 3AC63B112FE6093600F49D5D /* Project object */;
			proxyType = 1;
			remoteGlobalIDString = 3AC63B182FE6093600F49D5D;
			remoteInfo = "meeting-watcher";
		};
		3AC63B312FE6093A00F49D5D /* PBXContainerItemProxy */ = {
			isa = PBXContainerItemProxy;
			containerPortal = 3AC63B112FE6093600F49D5D /* Project object */;
			proxyType = 1;
			remoteGlobalIDString = 3AC63B182FE6093600F49D5D;
			remoteInfo = "meeting-watcher";
		};
		4D18001A0000000000000018 /* PBXContainerItemProxy */ = {
			isa = PBXContainerItemProxy;
			containerPortal = 3AC63B112FE6093600F49D5D /* Project object */;
			proxyType = 1;
			remoteGlobalIDString = 4D1800010000000000000018;
			remoteInfo = MeetingSignal;
		};
/* End PBXContainerItemProxy section */

/* Begin PBXFileReference section */
		3AC63B192FE6093700F49D5D /* meeting-watcher.app */ = {isa = PBXFileReference; explicitFileType = wrapper.application; includeInIndex = 0; path = "meeting-watcher.app"; sourceTree = BUILT_PRODUCTS_DIR; };
		3AC63B262FE6093A00F49D5D /* meeting-watcherTests.xctest */ = {isa = PBXFileReference; explicitFileType = wrapper.cfbundle; includeInIndex = 0; path = "meeting-watcherTests.xctest"; sourceTree = BUILT_PRODUCTS_DIR; };
		3AC63B302FE6093A00F49D5D /* meeting-watcherUITests.xctest */ = {isa = PBXFileReference; explicitFileType = wrapper.cfbundle; includeInIndex = 0; path = "meeting-watcherUITests.xctest"; sourceTree = BUILT_PRODUCTS_DIR; };
		4D1800070000000000000018 /* MeetingSignal.framework */ = {isa = PBXFileReference; explicitFileType = wrapper.framework; includeInIndex = 0; path = MeetingSignal.framework; sourceTree = BUILT_PRODUCTS_DIR; };
		4D1800170000000000000018 /* MeetingSignalTests.xctest */ = {isa = PBXFileReference; explicitFileType = wrapper.cfbundle; includeInIndex = 0; path = MeetingSignalTests.xctest; sourceTree = BUILT_PRODUCTS_DIR; };
/* End PBXFileReference section */

/* Begin PBXFileSystemSynchronizedRootGroup section */
		3AC63B1B2FE6093700F49D5D /* meeting-watcher */ = {
			isa = PBXFileSystemSynchronizedRootGroup;
			path = "meeting-watcher";
			sourceTree = "<group>";
		};
		3AC63B292FE6093A00F49D5D /* meeting-watcherTests */ = {
			isa = PBXFileSystemSynchronizedRootGroup;
			path = "meeting-watcherTests";
			sourceTree = "<group>";
		};
		3AC63B332FE6093A00F49D5D /* meeting-watcherUITests */ = {
			isa = PBXFileSystemSynchronizedRootGroup;
			path = "meeting-watcherUITests";
			sourceTree = "<group>";
		};
		4D1800020000000000000018 /* MeetingSignal */ = {
			isa = PBXFileSystemSynchronizedRootGroup;
			path = MeetingSignal;
			sourceTree = "<group>";
		};
		4D1800120000000000000018 /* MeetingSignalTests */ = {
			isa = PBXFileSystemSynchronizedRootGroup;
			path = MeetingSignalTests;
			sourceTree = "<group>";
		};
/* End PBXFileSystemSynchronizedRootGroup section */

/* Begin PBXFrameworksBuildPhase section */
		3AC63B162FE6093600F49D5D /* Frameworks */ = {
			isa = PBXFrameworksBuildPhase;
			buildActionMask = 2147483647;
			files = (
			);
			runOnlyForDeploymentPostprocessing = 0;
		};
		3AC63B232FE6093A00F49D5D /* Frameworks */ = {
			isa = PBXFrameworksBuildPhase;
			buildActionMask = 2147483647;
			files = (
			);
			runOnlyForDeploymentPostprocessing = 0;
		};
		3AC63B2D2FE6093A00F49D5D /* Frameworks */ = {
			isa = PBXFrameworksBuildPhase;
			buildActionMask = 2147483647;
			files = (
			);
			runOnlyForDeploymentPostprocessing = 0;
		};
		4D1800040000000000000018 /* Frameworks */ = {
			isa = PBXFrameworksBuildPhase;
			buildActionMask = 2147483647;
			files = (
			);
			runOnlyForDeploymentPostprocessing = 0;
		};
		4D1800140000000000000018 /* Frameworks */ = {
			isa = PBXFrameworksBuildPhase;
			buildActionMask = 2147483647;
			files = (
				4D1800160000000000000018 /* MeetingSignal.framework in Frameworks */,
			);
			runOnlyForDeploymentPostprocessing = 0;
		};
/* End PBXFrameworksBuildPhase section */

/* Begin PBXGroup section */
		3AC63B102FE6093600F49D5D = {
			isa = PBXGroup;
			children = (
				3AC63B1B2FE6093700F49D5D /* meeting-watcher */,
				3AC63B292FE6093A00F49D5D /* meeting-watcherTests */,
				3AC63B332FE6093A00F49D5D /* meeting-watcherUITests */,
				4D1800020000000000000018 /* MeetingSignal */,
				4D1800120000000000000018 /* MeetingSignalTests */,
				3AC63B1A2FE6093700F49D5D /* Products */,
			);
			sourceTree = "<group>";
		};
		3AC63B1A2FE6093700F49D5D /* Products */ = {
			isa = PBXGroup;
			children = (
				3AC63B192FE6093700F49D5D /* meeting-watcher.app */,
				3AC63B262FE6093A00F49D5D /* meeting-watcherTests.xctest */,
				3AC63B302FE6093A00F49D5D /* meeting-watcherUITests.xctest */,
				4D1800070000000000000018 /* MeetingSignal.framework */,
				4D1800170000000000000018 /* MeetingSignalTests.xctest */,
			);
			name = Products;
			sourceTree = "<group>";
		};
/* End PBXGroup section */

/* Begin PBXHeadersBuildPhase section */
		4D1800050000000000000018 /* Headers */ = {
			isa = PBXHeadersBuildPhase;
			buildActionMask = 2147483647;
			files = (
			);
			runOnlyForDeploymentPostprocessing = 0;
		};
/* End PBXHeadersBuildPhase section */

/* Begin PBXNativeTarget section */
		3AC63B182FE6093600F49D5D /* meeting-watcher */ = {
			isa = PBXNativeTarget;
			buildConfigurationList = 3AC63B3A2FE6093A00F49D5D /* Build configuration list for PBXNativeTarget "meeting-watcher" */;
			buildPhases = (
				3AC63B152FE6093600F49D5D /* Sources */,
				3AC63B162FE6093600F49D5D /* Frameworks */,
				3AC63B172FE6093600F49D5D /* Resources */,
			);
			buildRules = (
			);
			dependencies = (
			);
			fileSystemSynchronizedGroups = (
				3AC63B1B2FE6093700F49D5D /* meeting-watcher */,
			);
			name = "meeting-watcher";
			packageProductDependencies = (
			);
			productName = "meeting-watcher";
			productReference = 3AC63B192FE6093700F49D5D /* meeting-watcher.app */;
			productType = "com.apple.product-type.application";
		};
		3AC63B252FE6093A00F49D5D /* meeting-watcherTests */ = {
			isa = PBXNativeTarget;
			buildConfigurationList = 3AC63B3D2FE6093A00F49D5D /* Build configuration list for PBXNativeTarget "meeting-watcherTests" */;
			buildPhases = (
				3AC63B222FE6093A00F49D5D /* Sources */,
				3AC63B232FE6093A00F49D5D /* Frameworks */,
				3AC63B242FE6093A00F49D5D /* Resources */,
			);
			buildRules = (
			);
			dependencies = (
				3AC63B282FE6093A00F49D5D /* PBXTargetDependency */,
			);
			fileSystemSynchronizedGroups = (
				3AC63B292FE6093A00F49D5D /* meeting-watcherTests */,
			);
			name = "meeting-watcherTests";
			packageProductDependencies = (
			);
			productName = "meeting-watcherTests";
			productReference = 3AC63B262FE6093A00F49D5D /* meeting-watcherTests.xctest */;
			productType = "com.apple.product-type.bundle.unit-test";
		};
		3AC63B2F2FE6093A00F49D5D /* meeting-watcherUITests */ = {
			isa = PBXNativeTarget;
			buildConfigurationList = 3AC63B402FE6093A00F49D5D /* Build configuration list for PBXNativeTarget "meeting-watcherUITests" */;
			buildPhases = (
				3AC63B2C2FE6093A00F49D5D /* Sources */,
				3AC63B2D2FE6093A00F49D5D /* Frameworks */,
				3AC63B2E2FE6093A00F49D5D /* Resources */,
			);
			buildRules = (
			);
			dependencies = (
				3AC63B322FE6093A00F49D5D /* PBXTargetDependency */,
			);
			fileSystemSynchronizedGroups = (
				3AC63B332FE6093A00F49D5D /* meeting-watcherUITests */,
			);
			name = "meeting-watcherUITests";
			packageProductDependencies = (
			);
			productName = "meeting-watcherUITests";
			productReference = 3AC63B302FE6093A00F49D5D /* meeting-watcherUITests.xctest */;
			productType = "com.apple.product-type.bundle.ui-testing";
		};
		4D1800010000000000000018 /* MeetingSignal */ = {
			isa = PBXNativeTarget;
			buildConfigurationList = 4D1800080000000000000018 /* Build configuration list for PBXNativeTarget "MeetingSignal" */;
			buildPhases = (
				4D1800030000000000000018 /* Sources */,
				4D1800040000000000000018 /* Frameworks */,
				4D1800050000000000000018 /* Headers */,
				4D1800060000000000000018 /* Resources */,
			);
			buildRules = (
			);
			dependencies = (
			);
			fileSystemSynchronizedGroups = (
				4D1800020000000000000018 /* MeetingSignal */,
			);
			name = MeetingSignal;
			packageProductDependencies = (
			);
			productName = MeetingSignal;
			productReference = 4D1800070000000000000018 /* MeetingSignal.framework */;
			productType = "com.apple.product-type.framework";
		};
		4D1800110000000000000018 /* MeetingSignalTests */ = {
			isa = PBXNativeTarget;
			buildConfigurationList = 4D1800180000000000000018 /* Build configuration list for PBXNativeTarget "MeetingSignalTests" */;
			buildPhases = (
				4D1800130000000000000018 /* Sources */,
				4D1800140000000000000018 /* Frameworks */,
				4D1800150000000000000018 /* Resources */,
			);
			buildRules = (
			);
			dependencies = (
				4D18001B0000000000000018 /* PBXTargetDependency */,
			);
			fileSystemSynchronizedGroups = (
				4D1800120000000000000018 /* MeetingSignalTests */,
			);
			name = MeetingSignalTests;
			packageProductDependencies = (
			);
			productName = MeetingSignalTests;
			productReference = 4D1800170000000000000018 /* MeetingSignalTests.xctest */;
			productType = "com.apple.product-type.bundle.unit-test";
		};
/* End PBXNativeTarget section */

/* Begin PBXProject section */
		3AC63B112FE6093600F49D5D /* Project object */ = {
			isa = PBXProject;
			attributes = {
				BuildIndependentTargetsInParallel = 1;
				LastSwiftUpdateCheck = 2640;
				LastUpgradeCheck = 2640;
				TargetAttributes = {
					3AC63B182FE6093600F49D5D = {
						CreatedOnToolsVersion = 26.4;
					};
					3AC63B252FE6093A00F49D5D = {
						CreatedOnToolsVersion = 26.4;
						TestTargetID = 3AC63B182FE6093600F49D5D;
					};
					3AC63B2F2FE6093A00F49D5D = {
						CreatedOnToolsVersion = 26.4;
						TestTargetID = 3AC63B182FE6093600F49D5D;
					};
					4D1800010000000000000018 = {
						CreatedOnToolsVersion = 26.4;
					};
					4D1800110000000000000018 = {
						CreatedOnToolsVersion = 26.4;
					};
				};
			};
			buildConfigurationList = 3AC63B142FE6093600F49D5D /* Build configuration list for PBXProject "meeting-watcher" */;
			developmentRegion = en;
			hasScannedForEncodings = 0;
			knownRegions = (
				en,
				Base,
			);
			mainGroup = 3AC63B102FE6093600F49D5D;
			minimizedProjectReferenceProxies = 1;
			preferredProjectObjectVersion = 77;
			productRefGroup = 3AC63B1A2FE6093700F49D5D /* Products */;
			projectDirPath = "";
			projectRoot = "";
			targets = (
				3AC63B182FE6093600F49D5D /* meeting-watcher */,
				3AC63B252FE6093A00F49D5D /* meeting-watcherTests */,
				3AC63B2F2FE6093A00F49D5D /* meeting-watcherUITests */,
				4D1800010000000000000018 /* MeetingSignal */,
				4D1800110000000000000018 /* MeetingSignalTests */,
			);
		};
/* End PBXProject section */

/* Begin PBXResourcesBuildPhase section */
		3AC63B172FE6093600F49D5D /* Resources */ = {
			isa = PBXResourcesBuildPhase;
			buildActionMask = 2147483647;
			files = (
			);
			runOnlyForDeploymentPostprocessing = 0;
		};
		3AC63B242FE6093A00F49D5D /* Resources */ = {
			isa = PBXResourcesBuildPhase;
			buildActionMask = 2147483647;
			files = (
			);
			runOnlyForDeploymentPostprocessing = 0;
		};
		3AC63B2E2FE6093A00F49D5D /* Resources */ = {
			isa = PBXResourcesBuildPhase;
			buildActionMask = 2147483647;
			files = (
			);
			runOnlyForDeploymentPostprocessing = 0;
		};
		4D1800060000000000000018 /* Resources */ = {
			isa = PBXResourcesBuildPhase;
			buildActionMask = 2147483647;
			files = (
			);
			runOnlyForDeploymentPostprocessing = 0;
		};
		4D1800150000000000000018 /* Resources */ = {
			isa = PBXResourcesBuildPhase;
			buildActionMask = 2147483647;
			files = (
			);
			runOnlyForDeploymentPostprocessing = 0;
		};
/* End PBXResourcesBuildPhase section */

/* Begin PBXSourcesBuildPhase section */
		3AC63B152FE6093600F49D5D /* Sources */ = {
			isa = PBXSourcesBuildPhase;
			buildActionMask = 2147483647;
			files = (
			);
			runOnlyForDeploymentPostprocessing = 0;
		};
		3AC63B222FE6093A00F49D5D /* Sources */ = {
			isa = PBXSourcesBuildPhase;
			buildActionMask = 2147483647;
			files = (
			);
			runOnlyForDeploymentPostprocessing = 0;
		};
		3AC63B2C2FE6093A00F49D5D /* Sources */ = {
			isa = PBXSourcesBuildPhase;
			buildActionMask = 2147483647;
			files = (
			);
			runOnlyForDeploymentPostprocessing = 0;
		};
		4D1800030000000000000018 /* Sources */ = {
			isa = PBXSourcesBuildPhase;
			buildActionMask = 2147483647;
			files = (
			);
			runOnlyForDeploymentPostprocessing = 0;
		};
		4D1800130000000000000018 /* Sources */ = {
			isa = PBXSourcesBuildPhase;
			buildActionMask = 2147483647;
			files = (
			);
			runOnlyForDeploymentPostprocessing = 0;
		};
/* End PBXSourcesBuildPhase section */

/* Begin PBXTargetDependency section */
		3AC63B282FE6093A00F49D5D /* PBXTargetDependency */ = {
			isa = PBXTargetDependency;
			target = 3AC63B182FE6093600F49D5D /* meeting-watcher */;
			targetProxy = 3AC63B272FE6093A00F49D5D /* PBXContainerItemProxy */;
		};
		3AC63B322FE6093A00F49D5D /* PBXTargetDependency */ = {
			isa = PBXTargetDependency;
			target = 3AC63B182FE6093600F49D5D /* meeting-watcher */;
			targetProxy = 3AC63B312FE6093A00F49D5D /* PBXContainerItemProxy */;
		};
		4D18001B0000000000000018 /* PBXTargetDependency */ = {
			isa = PBXTargetDependency;
			target = 4D1800010000000000000018 /* MeetingSignal */;
			targetProxy = 4D18001A0000000000000018 /* PBXContainerItemProxy */;
		};
/* End PBXTargetDependency section */

/* Begin XCBuildConfiguration section */
		3AC63B382FE6093A00F49D5D /* Debug */ = {
			isa = XCBuildConfiguration;
			buildSettings = {
				ALWAYS_SEARCH_USER_PATHS = NO;
				ASSETCATALOG_COMPILER_GENERATE_SWIFT_ASSET_SYMBOL_EXTENSIONS = YES;
				CLANG_ANALYZER_NONNULL = YES;
				CLANG_ANALYZER_NUMBER_OBJECT_CONVERSION = YES_AGGRESSIVE;
				CLANG_CXX_LANGUAGE_STANDARD = "gnu++20";
				CLANG_ENABLE_MODULES = YES;
				CLANG_ENABLE_OBJC_ARC = YES;
				CLANG_ENABLE_OBJC_WEAK = YES;
				CLANG_WARN_BLOCK_CAPTURE_AUTORELEASING = YES;
				CLANG_WARN_BOOL_CONVERSION = YES;
				CLANG_WARN_COMMA = YES;
				CLANG_WARN_CONSTANT_CONVERSION = YES;
				CLANG_WARN_DEPRECATED_OBJC_IMPLEMENTATIONS = YES;
				CLANG_WARN_DIRECT_OBJC_ISA_USAGE = YES_ERROR;
				CLANG_WARN_DOCUMENTATION_COMMENTS = YES;
				CLANG_WARN_EMPTY_BODY = YES;
				CLANG_WARN_ENUM_CONVERSION = YES;
				CLANG_WARN_INFINITE_RECURSION = YES;
				CLANG_WARN_INT_CONVERSION = YES;
				CLANG_WARN_NON_LITERAL_NULL_CONVERSION = YES;
				CLANG_WARN_OBJC_IMPLICIT_RETAIN_SELF = YES;
				CLANG_WARN_OBJC_LITERAL_CONVERSION = YES;
				CLANG_WARN_OBJC_ROOT_CLASS = YES_ERROR;
				CLANG_WARN_QUOTED_INCLUDE_IN_FRAMEWORK_HEADER = YES;
				CLANG_WARN_RANGE_LOOP_ANALYSIS = YES;
				CLANG_WARN_STRICT_PROTOTYPES = YES;
				CLANG_WARN_SUSPICIOUS_MOVE = YES;
				CLANG_WARN_UNGUARDED_AVAILABILITY = YES_AGGRESSIVE;
				CLANG_WARN_UNREACHABLE_CODE = YES;
				CLANG_WARN__DUPLICATE_METHOD_MATCH = YES;
				COPY_PHASE_STRIP = NO;
				DEBUG_INFORMATION_FORMAT = dwarf;
				DEVELOPMENT_TEAM = RMVJT9K8W3;
				ENABLE_STRICT_OBJC_MSGSEND = YES;
				ENABLE_TESTABILITY = YES;
				ENABLE_USER_SCRIPT_SANDBOXING = YES;
				GCC_C_LANGUAGE_STANDARD = gnu17;
				GCC_DYNAMIC_NO_PIC = NO;
				GCC_NO_COMMON_BLOCKS = YES;
				GCC_OPTIMIZATION_LEVEL = 0;
				GCC_PREPROCESSOR_DEFINITIONS = (
					"DEBUG=1",
					"$(inherited)",
				);
				GCC_WARN_64_TO_32_BIT_CONVERSION = YES;
				GCC_WARN_ABOUT_RETURN_TYPE = YES_ERROR;
				GCC_WARN_UNDECLARED_SELECTOR = YES;
				GCC_WARN_UNINITIALIZED_AUTOS = YES_AGGRESSIVE;
				GCC_WARN_UNUSED_FUNCTION = YES;
				GCC_WARN_UNUSED_VARIABLE = YES;
				LOCALIZATION_PREFERS_STRING_CATALOGS = YES;
				MACOSX_DEPLOYMENT_TARGET = 26.4;
				MTL_ENABLE_DEBUG_INFO = INCLUDE_SOURCE;
				MTL_FAST_MATH = YES;
				ONLY_ACTIVE_ARCH = YES;
				SDKROOT = macosx;
				SWIFT_ACTIVE_COMPILATION_CONDITIONS = "DEBUG $(inherited)";
				SWIFT_OPTIMIZATION_LEVEL = "-Onone";
			};
			name = Debug;
		};
		3AC63B392FE6093A00F49D5D /* Release */ = {
			isa = XCBuildConfiguration;
			buildSettings = {
				ALWAYS_SEARCH_USER_PATHS = NO;
				ASSETCATALOG_COMPILER_GENERATE_SWIFT_ASSET_SYMBOL_EXTENSIONS = YES;
				CLANG_ANALYZER_NONNULL = YES;
				CLANG_ANALYZER_NUMBER_OBJECT_CONVERSION = YES_AGGRESSIVE;
				CLANG_CXX_LANGUAGE_STANDARD = "gnu++20";
				CLANG_ENABLE_MODULES = YES;
				CLANG_ENABLE_OBJC_ARC = YES;
				CLANG_ENABLE_OBJC_WEAK = YES;
				CLANG_WARN_BLOCK_CAPTURE_AUTORELEASING = YES;
				CLANG_WARN_BOOL_CONVERSION = YES;
				CLANG_WARN_COMMA = YES;
				CLANG_WARN_CONSTANT_CONVERSION = YES;
				CLANG_WARN_DEPRECATED_OBJC_IMPLEMENTATIONS = YES;
				CLANG_WARN_DIRECT_OBJC_ISA_USAGE = YES_ERROR;
				CLANG_WARN_DOCUMENTATION_COMMENTS = YES;
				CLANG_WARN_EMPTY_BODY = YES;
				CLANG_WARN_ENUM_CONVERSION = YES;
				CLANG_WARN_INFINITE_RECURSION = YES;
				CLANG_WARN_INT_CONVERSION = YES;
				CLANG_WARN_NON_LITERAL_NULL_CONVERSION = YES;
				CLANG_WARN_OBJC_IMPLICIT_RETAIN_SELF = YES;
				CLANG_WARN_OBJC_LITERAL_CONVERSION = YES;
				CLANG_WARN_OBJC_ROOT_CLASS = YES_ERROR;
				CLANG_WARN_QUOTED_INCLUDE_IN_FRAMEWORK_HEADER = YES;
				CLANG_WARN_RANGE_LOOP_ANALYSIS = YES;
				CLANG_WARN_STRICT_PROTOTYPES = YES;
				CLANG_WARN_SUSPICIOUS_MOVE = YES;
				CLANG_WARN_UNGUARDED_AVAILABILITY = YES_AGGRESSIVE;
				CLANG_WARN_UNREACHABLE_CODE = YES;
				CLANG_WARN__DUPLICATE_METHOD_MATCH = YES;
				COPY_PHASE_STRIP = NO;
				DEBUG_INFORMATION_FORMAT = "dwarf-with-dsym";
				DEVELOPMENT_TEAM = RMVJT9K8W3;
				ENABLE_NS_ASSERTIONS = NO;
				ENABLE_STRICT_OBJC_MSGSEND = YES;
				ENABLE_USER_SCRIPT_SANDBOXING = YES;
				GCC_C_LANGUAGE_STANDARD = gnu17;
				GCC_NO_COMMON_BLOCKS = YES;
				GCC_WARN_64_TO_32_BIT_CONVERSION = YES;
				GCC_WARN_ABOUT_RETURN_TYPE = YES_ERROR;
				GCC_WARN_UNDECLARED_SELECTOR = YES;
				GCC_WARN_UNINITIALIZED_AUTOS = YES_AGGRESSIVE;
				GCC_WARN_UNUSED_FUNCTION = YES;
				GCC_WARN_UNUSED_VARIABLE = YES;
				LOCALIZATION_PREFERS_STRING_CATALOGS = YES;
				MACOSX_DEPLOYMENT_TARGET = 26.4;
				MTL_ENABLE_DEBUG_INFO = NO;
				MTL_FAST_MATH = YES;
				SDKROOT = macosx;
				SWIFT_COMPILATION_MODE = wholemodule;
			};
			name = Release;
		};
		3AC63B3B2FE6093A00F49D5D /* Debug */ = {
			isa = XCBuildConfiguration;
			buildSettings = {
				ASSETCATALOG_COMPILER_APPICON_NAME = AppIcon;
				ASSETCATALOG_COMPILER_GLOBAL_ACCENT_COLOR_NAME = AccentColor;
				CODE_SIGN_STYLE = Automatic;
				COMBINE_HIDPI_IMAGES = YES;
				CURRENT_PROJECT_VERSION = 1;
				DEVELOPMENT_TEAM = RMVJT9K8W3;
				ENABLE_APP_SANDBOX = YES;
				ENABLE_HARDENED_RUNTIME = YES;
				ENABLE_PREVIEWS = YES;
				ENABLE_USER_SELECTED_FILES = readonly;
				GENERATE_INFOPLIST_FILE = YES;
				INFOPLIST_KEY_NSHumanReadableCopyright = "";
				LD_RUNPATH_SEARCH_PATHS = (
					"$(inherited)",
					"@executable_path/../Frameworks",
				);
				MARKETING_VERSION = 1.0;
				PRODUCT_BUNDLE_IDENTIFIER = "dio0550.meeting-watcher";
				PRODUCT_NAME = "$(TARGET_NAME)";
				REGISTER_APP_GROUPS = YES;
				STRING_CATALOG_GENERATE_SYMBOLS = YES;
				SWIFT_APPROACHABLE_CONCURRENCY = YES;
				SWIFT_DEFAULT_ACTOR_ISOLATION = MainActor;
				SWIFT_EMIT_LOC_STRINGS = YES;
				SWIFT_UPCOMING_FEATURE_MEMBER_IMPORT_VISIBILITY = YES;
				SWIFT_VERSION = 5.0;
			};
			name = Debug;
		};
		3AC63B3C2FE6093A00F49D5D /* Release */ = {
			isa = XCBuildConfiguration;
			buildSettings = {
				ASSETCATALOG_COMPILER_APPICON_NAME = AppIcon;
				ASSETCATALOG_COMPILER_GLOBAL_ACCENT_COLOR_NAME = AccentColor;
				CODE_SIGN_STYLE = Automatic;
				COMBINE_HIDPI_IMAGES = YES;
				CURRENT_PROJECT_VERSION = 1;
				DEVELOPMENT_TEAM = RMVJT9K8W3;
				ENABLE_APP_SANDBOX = YES;
				ENABLE_HARDENED_RUNTIME = YES;
				ENABLE_PREVIEWS = YES;
				ENABLE_USER_SELECTED_FILES = readonly;
				GENERATE_INFOPLIST_FILE = YES;
				INFOPLIST_KEY_NSHumanReadableCopyright = "";
				LD_RUNPATH_SEARCH_PATHS = (
					"$(inherited)",
					"@executable_path/../Frameworks",
				);
				MARKETING_VERSION = 1.0;
				PRODUCT_BUNDLE_IDENTIFIER = "dio0550.meeting-watcher";
				PRODUCT_NAME = "$(TARGET_NAME)";
				REGISTER_APP_GROUPS = YES;
				STRING_CATALOG_GENERATE_SYMBOLS = YES;
				SWIFT_APPROACHABLE_CONCURRENCY = YES;
				SWIFT_DEFAULT_ACTOR_ISOLATION = MainActor;
				SWIFT_EMIT_LOC_STRINGS = YES;
				SWIFT_UPCOMING_FEATURE_MEMBER_IMPORT_VISIBILITY = YES;
				SWIFT_VERSION = 5.0;
			};
			name = Release;
		};
		3AC63B3E2FE6093A00F49D5D /* Debug */ = {
			isa = XCBuildConfiguration;
			buildSettings = {
				BUNDLE_LOADER = "$(TEST_HOST)";
				CODE_SIGN_STYLE = Automatic;
				CURRENT_PROJECT_VERSION = 1;
				DEVELOPMENT_TEAM = RMVJT9K8W3;
				GENERATE_INFOPLIST_FILE = YES;
				MACOSX_DEPLOYMENT_TARGET = 26.4;
				MARKETING_VERSION = 1.0;
				PRODUCT_BUNDLE_IDENTIFIER = "dio0550.meeting-watcherTests";
				PRODUCT_NAME = "$(TARGET_NAME)";
				STRING_CATALOG_GENERATE_SYMBOLS = NO;
				SWIFT_APPROACHABLE_CONCURRENCY = YES;
				SWIFT_EMIT_LOC_STRINGS = NO;
				SWIFT_UPCOMING_FEATURE_MEMBER_IMPORT_VISIBILITY = YES;
				SWIFT_VERSION = 5.0;
				TEST_HOST = "$(BUILT_PRODUCTS_DIR)/meeting-watcher.app/$(BUNDLE_EXECUTABLE_FOLDER_PATH)/meeting-watcher";
			};
			name = Debug;
		};
		3AC63B3F2FE6093A00F49D5D /* Release */ = {
			isa = XCBuildConfiguration;
			buildSettings = {
				BUNDLE_LOADER = "$(TEST_HOST)";
				CODE_SIGN_STYLE = Automatic;
				CURRENT_PROJECT_VERSION = 1;
				DEVELOPMENT_TEAM = RMVJT9K8W3;
				GENERATE_INFOPLIST_FILE = YES;
				MACOSX_DEPLOYMENT_TARGET = 26.4;
				MARKETING_VERSION = 1.0;
				PRODUCT_BUNDLE_IDENTIFIER = "dio0550.meeting-watcherTests";
				PRODUCT_NAME = "$(TARGET_NAME)";
				STRING_CATALOG_GENERATE_SYMBOLS = NO;
				SWIFT_APPROACHABLE_CONCURRENCY = YES;
				SWIFT_EMIT_LOC_STRINGS = NO;
				SWIFT_UPCOMING_FEATURE_MEMBER_IMPORT_VISIBILITY = YES;
				SWIFT_VERSION = 5.0;
				TEST_HOST = "$(BUILT_PRODUCTS_DIR)/meeting-watcher.app/$(BUNDLE_EXECUTABLE_FOLDER_PATH)/meeting-watcher";
			};
			name = Release;
		};
		3AC63B412FE6093A00F49D5D /* Debug */ = {
			isa = XCBuildConfiguration;
			buildSettings = {
				CODE_SIGN_STYLE = Automatic;
				CURRENT_PROJECT_VERSION = 1;
				DEVELOPMENT_TEAM = RMVJT9K8W3;
				GENERATE_INFOPLIST_FILE = YES;
				MARKETING_VERSION = 1.0;
				PRODUCT_BUNDLE_IDENTIFIER = "dio0550.meeting-watcherUITests";
				PRODUCT_NAME = "$(TARGET_NAME)";
				STRING_CATALOG_GENERATE_SYMBOLS = NO;
				SWIFT_APPROACHABLE_CONCURRENCY = YES;
				SWIFT_EMIT_LOC_STRINGS = NO;
				SWIFT_UPCOMING_FEATURE_MEMBER_IMPORT_VISIBILITY = YES;
				SWIFT_VERSION = 5.0;
				TEST_TARGET_NAME = "meeting-watcher";
			};
			name = Debug;
		};
		3AC63B422FE6093A00F49D5D /* Release */ = {
			isa = XCBuildConfiguration;
			buildSettings = {
				CODE_SIGN_STYLE = Automatic;
				CURRENT_PROJECT_VERSION = 1;
				DEVELOPMENT_TEAM = RMVJT9K8W3;
				GENERATE_INFOPLIST_FILE = YES;
				MARKETING_VERSION = 1.0;
				PRODUCT_BUNDLE_IDENTIFIER = "dio0550.meeting-watcherUITests";
				PRODUCT_NAME = "$(TARGET_NAME)";
				STRING_CATALOG_GENERATE_SYMBOLS = NO;
				SWIFT_APPROACHABLE_CONCURRENCY = YES;
				SWIFT_EMIT_LOC_STRINGS = NO;
				SWIFT_UPCOMING_FEATURE_MEMBER_IMPORT_VISIBILITY = YES;
				SWIFT_VERSION = 5.0;
				TEST_TARGET_NAME = "meeting-watcher";
			};
			name = Release;
		};
		4D1800090000000000000018 /* Debug */ = {
			isa = XCBuildConfiguration;
			buildSettings = {
				CODE_SIGN_STYLE = Automatic;
				CURRENT_PROJECT_VERSION = 1;
				DEVELOPMENT_TEAM = RMVJT9K8W3;
				GENERATE_INFOPLIST_FILE = YES;
				MACOSX_DEPLOYMENT_TARGET = 26.4;
				MARKETING_VERSION = 1.0;
				PRODUCT_BUNDLE_IDENTIFIER = dio0550.MeetingSignal;
				PRODUCT_NAME = "$(TARGET_NAME)";
				SDKROOT = macosx;
				SKIP_INSTALL = YES;
				SWIFT_APPROACHABLE_CONCURRENCY = YES;
				SWIFT_DEFAULT_ACTOR_ISOLATION = MainActor;
				SWIFT_UPCOMING_FEATURE_MEMBER_IMPORT_VISIBILITY = YES;
				SWIFT_VERSION = 5.0;
			};
			name = Debug;
		};
		4D18000A0000000000000018 /* Release */ = {
			isa = XCBuildConfiguration;
			buildSettings = {
				CODE_SIGN_STYLE = Automatic;
				CURRENT_PROJECT_VERSION = 1;
				DEVELOPMENT_TEAM = RMVJT9K8W3;
				GENERATE_INFOPLIST_FILE = YES;
				MACOSX_DEPLOYMENT_TARGET = 26.4;
				MARKETING_VERSION = 1.0;
				PRODUCT_BUNDLE_IDENTIFIER = dio0550.MeetingSignal;
				PRODUCT_NAME = "$(TARGET_NAME)";
				SDKROOT = macosx;
				SKIP_INSTALL = YES;
				SWIFT_APPROACHABLE_CONCURRENCY = YES;
				SWIFT_DEFAULT_ACTOR_ISOLATION = MainActor;
				SWIFT_UPCOMING_FEATURE_MEMBER_IMPORT_VISIBILITY = YES;
				SWIFT_VERSION = 5.0;
			};
			name = Release;
		};
		4D1800190000000000000018 /* Debug */ = {
			isa = XCBuildConfiguration;
			buildSettings = {
				BUNDLE_LOADER = "";
				CODE_SIGN_STYLE = Automatic;
				CURRENT_PROJECT_VERSION = 1;
				DEVELOPMENT_TEAM = RMVJT9K8W3;
				GENERATE_INFOPLIST_FILE = YES;
				MACOSX_DEPLOYMENT_TARGET = 26.4;
				MARKETING_VERSION = 1.0;
				PRODUCT_BUNDLE_IDENTIFIER = dio0550.MeetingSignalTests;
				PRODUCT_NAME = "$(TARGET_NAME)";
				SDKROOT = macosx;
				STRING_CATALOG_GENERATE_SYMBOLS = NO;
				SWIFT_APPROACHABLE_CONCURRENCY = YES;
				SWIFT_EMIT_LOC_STRINGS = NO;
				SWIFT_UPCOMING_FEATURE_MEMBER_IMPORT_VISIBILITY = YES;
				SWIFT_VERSION = 5.0;
			};
			name = Debug;
		};
		4D18001C0000000000000018 /* Release */ = {
			isa = XCBuildConfiguration;
			buildSettings = {
				BUNDLE_LOADER = "";
				CODE_SIGN_STYLE = Automatic;
				CURRENT_PROJECT_VERSION = 1;
				DEVELOPMENT_TEAM = RMVJT9K8W3;
				GENERATE_INFOPLIST_FILE = YES;
				MACOSX_DEPLOYMENT_TARGET = 26.4;
				MARKETING_VERSION = 1.0;
				PRODUCT_BUNDLE_IDENTIFIER = dio0550.MeetingSignalTests;
				PRODUCT_NAME = "$(TARGET_NAME)";
				SDKROOT = macosx;
				STRING_CATALOG_GENERATE_SYMBOLS = NO;
				SWIFT_APPROACHABLE_CONCURRENCY = YES;
				SWIFT_EMIT_LOC_STRINGS = NO;
				SWIFT_UPCOMING_FEATURE_MEMBER_IMPORT_VISIBILITY = YES;
				SWIFT_VERSION = 5.0;
			};
			name = Release;
		};
/* End XCBuildConfiguration section */

/* Begin XCConfigurationList section */
		3AC63B142FE6093600F49D5D /* Build configuration list for PBXProject "meeting-watcher" */ = {
			isa = XCConfigurationList;
			buildConfigurations = (
				3AC63B382FE6093A00F49D5D /* Debug */,
				3AC63B392FE6093A00F49D5D /* Release */,
			);
			defaultConfigurationIsVisible = 0;
			defaultConfigurationName = Release;
		};
		3AC63B3A2FE6093A00F49D5D /* Build configuration list for PBXNativeTarget "meeting-watcher" */ = {
			isa = XCConfigurationList;
			buildConfigurations = (
				3AC63B3B2FE6093A00F49D5D /* Debug */,
				3AC63B3C2FE6093A00F49D5D /* Release */,
			);
			defaultConfigurationIsVisible = 0;
			defaultConfigurationName = Release;
		};
		3AC63B3D2FE6093A00F49D5D /* Build configuration list for PBXNativeTarget "meeting-watcherTests" */ = {
			isa = XCConfigurationList;
			buildConfigurations = (
				3AC63B3E2FE6093A00F49D5D /* Debug */,
				3AC63B3F2FE6093A00F49D5D /* Release */,
			);
			defaultConfigurationIsVisible = 0;
			defaultConfigurationName = Release;
		};
		3AC63B402FE6093A00F49D5D /* Build configuration list for PBXNativeTarget "meeting-watcherUITests" */ = {
			isa = XCConfigurationList;
			buildConfigurations = (
				3AC63B412FE6093A00F49D5D /* Debug */,
				3AC63B422FE6093A00F49D5D /* Release */,
			);
			defaultConfigurationIsVisible = 0;
			defaultConfigurationName = Release;
		};
		4D1800080000000000000018 /* Build configuration list for PBXNativeTarget "MeetingSignal" */ = {
			isa = XCConfigurationList;
			buildConfigurations = (
				4D1800090000000000000018 /* Debug */,
				4D18000A0000000000000018 /* Release */,
			);
			defaultConfigurationIsVisible = 0;
			defaultConfigurationName = Release;
		};
		4D1800180000000000000018 /* Build configuration list for PBXNativeTarget "MeetingSignalTests" */ = {
			isa = XCConfigurationList;
			buildConfigurations = (
				4D1800190000000000000018 /* Debug */,
				4D18001C0000000000000018 /* Release */,
			);
			defaultConfigurationIsVisible = 0;
			defaultConfigurationName = Release;
		};
/* End XCConfigurationList section */
	};
	rootObject = 3AC63B112FE6093600F49D5D /* Project object */;
}
